
Microsoft Visual Studio Solution File, Format Version 12.00
# Visual Studio Version 16
VisualStudioVersion = 16.0.31129.286
MinimumVisualStudioVersion = 10.0.40219.1
Project("{FAE04EC0-301F-11D3-BF4B-00C04F79EFBC}") = "AspNetCoreMVC5", "AspNetCoreMVC5\AspNetCoreMVC5.csproj", "{77956E71-8DDD-4976-B114-9063A35C86A5}"
EndProject
Global
	GlobalSection(SolutionConfigurationPlatforms) = preSolution
		Debug|Any CPU = Debug|Any CPU
		Release|Any CPU = Release|Any CPU
	EndGlobalSection
	GlobalSection(ProjectConfigurationPlatforms) = postSolution
		{77956E71-8DDD-4976-B114-9063A35C86A5}.Debug|Any CPU.ActiveCfg = Debug|Any CPU
		{77956E71-8DDD-4976-B114-9063A35C86A5}.Debug|Any CPU.Build.0 = Debug|Any CPU
		{77956E71-8DDD-4976-B114-9063A35C86A5}.Release|Any CPU.ActiveCfg = Release|Any CPU
		{77956E71-8DDD-4976-B114-9063A35C86A5}.Release|Any CPU.Build.0 = Release|Any CPU
	EndGlobalSection
	GlobalSection(SolutionProperties) = preSolution
		HideSolutionNode = FALSE
	EndGlobalSection
	GlobalSection(ExtensibilityGlobals) = postSolution
		SolutionGuid = {1EA79487-A050-4E36-BF94-7DA3A877D8B5}
	EndGlobalSection
EndGlobal
